// !$*UTF8*$!
{
	archiveVersion = 1;
	classes = {
	};
	objectVersion = 46;
	objects = {

/* Begin PBXBuildFile section */
		01C6D2441B5D36A400E8F0E7 /* PhoneLookupTests.m in Sources */ = {isa = PBXBuildFile; fileRef = 01C6D2431B5D36A400E8F0E7 /* PhoneLookupTests.m */; };
		01E2B5851E3F852500188E78 /* PhoneLookupUITests.m in Sources */ = {isa = PBXBuildFile; fileRef = 01E2B5841E3F852500188E78 /* PhoneLookupUITests.m */; };
		B81BE72417DB5E8100CD67EC /* InfoPlist.strings in Resources */ = {isa = PBXBuildFile; fileRef = B81BE72217DB5E8100CD67EC /* InfoPlist.strings */; };
		B81BE72617DB5E8100CD67EC /* main.m in Sources */ = {isa = PBXBuildFile; fileRef = B81BE72517DB5E8100CD67EC /* main.m */; };
		B81BE72C17DB5E8100CD67EC /* Images.xcassets in Resources */ = {isa = PBXBuildFile; fileRef = B81BE72B17DB5E8100CD67EC /* Images.xcassets */; };
		B81BE74E17DB614200CD67EC /* SearchViewController.m in Sources */ = {isa = PBXBuildFile; fileRef = B81BE74C17DB614200CD67EC /* SearchViewController.m */; };
		B81BE74F17DB614200CD67EC /* SearchViewController.xib in Resources */ = {isa = PBXBuildFile; fileRef = B81BE74D17DB614200CD67EC /* SearchViewController.xib */; };
		B81BE76217DB77B700CD67EC /* SearchListViewController.m in Sources */ = {isa = PBXBuildFile; fileRef = B81BE76017DB77B700CD67EC /* SearchListViewController.m */; };
		B81BE76317DB77B700CD67EC /* SearchListViewController.xib in Resources */ = {isa = PBXBuildFile; fileRef = B81BE76117DB77B700CD67EC /* SearchListViewController.xib */; };
		B81BE76C17DBB05300CD67EC /* LoginViewController.m in Sources */ = {isa = PBXBuildFile; fileRef = B81BE76A17DBB05300CD67EC /* LoginViewController.m */; };
		B81BE76D17DBB05300CD67EC /* LoginViewController.xib in Resources */ = {isa = PBXBuildFile; fileRef = B81BE76B17DBB05300CD67EC /* LoginViewController.xib */; };
		B834F68A17DBFC9000D35A1E /* ProductXml.xml in Resources */ = {isa = PBXBuildFile; fileRef = B834F68917DBFC9000D35A1E /* ProductXml.xml */; };
		B834F69217DC0C2600D35A1E /* ProductViewController.xib in Resources */ = {isa = PBXBuildFile; fileRef = B834F68D17DC0C2600D35A1E /* ProductViewController.xib */; };
		B834F69317DC0C2600D35A1E /* ProductViewController.m in Sources */ = {isa = PBXBuildFile; fileRef = B834F68E17DC0C2600D35A1E /* ProductViewController.m */; };
		B8421B4F17DD67EA00DC6438 /* AppDelegate.m in Sources */ = {isa = PBXBuildFile; fileRef = B8421B4E17DD67EA00DC6438 /* AppDelegate.m */; };
		B8421B7B17DD6A9A00DC6438 /* Android.png in Resources */ = {isa = PBXBuildFile; fileRef = B8421B7A17DD6A9A00DC6438 /* Android.png */; };
		B8421B9417DD6AB800DC6438 /* Apple.png in Resources */ = {isa = PBXBuildFile; fileRef = B8421B7E17DD6AB800DC6438 /* Apple.png */; };
		B8421B9617DD6AB800DC6438 /* Blackberry.png in Resources */ = {isa = PBXBuildFile; fileRef = B8421B8017DD6AB800DC6438 /* Blackberry.png */; };
		B8421BA817DD6AB800DC6438 /* Windows.png in Resources */ = {isa = PBXBuildFile; fileRef = B8421B9217DD6AB800DC6438 /* Windows.png */; };
		B84BA69B2102C428000193A1 /* Launch Screen.storyboard in Resources */ = {isa = PBXBuildFile; fileRef = B84BA69A2102C428000193A1 /* Launch Screen.storyboard */; };
		B8E179C02104F8A900A737FB /* Product.swift in Sources */ = {isa = PBXBuildFile; fileRef = B8E179BF2104F8A900A737FB /* Product.swift */; };
		B8E179C22104FEF900A737FB /* ProductXMLParser.swift in Sources */ = {isa = PBXBuildFile; fileRef = B8E179C12104FEF900A737FB /* ProductXMLParser.swift */; };
		B8E179C421050DBE00A737FB /* Item.swift in Sources */ = {isa = PBXBuildFile; fileRef = B8E179C321050DBE00A737FB /* Item.swift */; };
		B8E179C82105905900A737FB /* MobileLabs_RGB_TM_1536x1044.png in Resources */ = {isa = PBXBuildFile; fileRef = B8E179C72105905900A737FB /* MobileLabs_RGB_TM_1536x1044.png */; };
/* End PBXBuildFile section */

/* Begin PBXContainerItemProxy section */
		01C6D2451B5D36A400E8F0E7 /* PBXContainerItemProxy */ = {
			isa = PBXContainerItemProxy;
			containerPortal = B81BE70E17DB5E8100CD67EC /* Project object */;
			proxyType = 1;
			remoteGlobalIDString = B81BE71517DB5E8100CD67EC;
			remoteInfo = PhoneLookup;
		};
		01E2B5871E3F852500188E78 /* PBXContainerItemProxy */ = {
			isa = PBXContainerItemProxy;
			containerPortal = B81BE70E17DB5E8100CD67EC /* Project object */;
			proxyType = 1;
			remoteGlobalIDString = B81BE71517DB5E8100CD67EC;
			remoteInfo = PhoneLookup;
		};
/* End PBXContainerItemProxy section */

/* Begin PBXFileReference section */
		01C6D2421B5D36A400E8F0E7 /* Info.plist */ = {isa = PBXFileReference; lastKnownFileType = text.plist.xml; path = Info.plist; sourceTree = "<group>"; };
		01C6D2431B5D36A400E8F0E7 /* PhoneLookupTests.m */ = {isa = PBXFileReference; lastKnownFileType = sourcecode.c.objc; path = PhoneLookupTests.m; sourceTree = "<group>"; };
		01E2B5841E3F852500188E78 /* PhoneLookupUITests.m */ = {isa = PBXFileReference; lastKnownFileType = sourcecode.c.objc; path = PhoneLookupUITests.m; sourceTree = "<group>"; };
		01E2B5861E3F852500188E78 /* Info.plist */ = {isa = PBXFileReference; lastKnownFileType = text.plist.xml; path = Info.plist; sourceTree = "<group>"; };
		B81BE72117DB5E8100CD67EC /* PhoneLookup-Info.plist */ = {isa = PBXFileReference; lastKnownFileType = text.plist.xml; path = "PhoneLookup-Info.plist"; sourceTree = "<group>"; };
		B81BE72317DB5E8100CD67EC /* en */ = {isa = PBXFileReference; lastKnownFileType = text.plist.strings; name = en; path = en.lproj/InfoPlist.strings; sourceTree = "<group>"; };
		B81BE72517DB5E8100CD67EC /* main.m */ = {isa = PBXFileReference; lastKnownFileType = sourcecode.c.objc; path = main.m; sourceTree = "<group>"; };
		B81BE72717DB5E8100CD67EC /* PhoneLookup-Prefix.pch */ = {isa = PBXFileReference; lastKnownFileType = sourcecode.c.h; path = "PhoneLookup-Prefix.pch"; sourceTree = "<group>"; };
		B81BE72B17DB5E8100CD67EC /* Images.xcassets */ = {isa = PBXFileReference; lastKnownFileType = folder.assetcatalog; path = Images.xcassets; sourceTree = "<group>"; };
		B81BE74B17DB614200CD67EC /* SearchViewController.h */ = {isa = PBXFileReference; fileEncoding = 4; lastKnownFileType = sourcecode.c.h; name = SearchViewController.h; path = Classes/Controllers/SearchViewController.h; sourceTree = "<group>"; };
		B81BE74C17DB614200CD67EC /* SearchViewController.m */ = {isa = PBXFileReference; fileEncoding = 4; lastKnownFileType = sourcecode.c.objc; name = SearchViewController.m; path = Classes/Controllers/SearchViewController.m; sourceTree = "<group>"; };
		B81BE74D17DB614200CD67EC /* SearchViewController.xib */ = {isa = PBXFileReference; fileEncoding = 4; lastKnownFileType = file.xib; name = SearchViewController.xib; path = Classes/Controllers/SearchViewController.xib; sourceTree = "<group>"; };
		B81BE75F17DB77B700CD67EC /* SearchListViewController.h */ = {isa = PBXFileReference; fileEncoding = 4; lastKnownFileType = sourcecode.c.h; name = SearchListViewController.h; path = Classes/Controllers/SearchListViewController.h; sourceTree = "<group>"; };
		B81BE76017DB77B700CD67EC /* SearchListViewController.m */ = {isa = PBXFileReference; fileEncoding = 4; lastKnownFileType = sourcecode.c.objc; name = SearchListViewController.m; path = Classes/Controllers/SearchListViewController.m; sourceTree = "<group>"; };
		B81BE76117DB77B700CD67EC /* SearchListViewController.xib */ = {isa = PBXFileReference; fileEncoding = 4; lastKnownFileType = file.xib; name = SearchListViewController.xib; path = Classes/Controllers/SearchListViewController.xib; sourceTree = "<group>"; };
		B81BE76A17DBB05300CD67EC /* LoginViewController.m */ = {isa = PBXFileReference; fileEncoding = 4; lastKnownFileType = sourcecode.c.objc; name = LoginViewController.m; path = Classes/Controllers/LoginViewController.m; sourceTree = "<group>"; };
		B81BE76B17DBB05300CD67EC /* LoginViewController.xib */ = {isa = PBXFileReference; fileEncoding = 4; lastKnownFileType = file.xib; name = LoginViewController.xib; path = Classes/Controllers/LoginViewController.xib; sourceTree = "<group>"; };
		B834F67217DBE83300D35A1E /* LoginViewController.h */ = {isa = PBXFileReference; fileEncoding = 4; lastKnownFileType = sourcecode.c.h; name = LoginViewController.h; path = Classes/Controllers/LoginViewController.h; sourceTree = "<group>"; };
		B834F68917DBFC9000D35A1E /* ProductXml.xml */ = {isa = PBXFileReference; fileEncoding = 4; lastKnownFileType = text.xml; name = ProductXml.xml; path = Resources/XML/ProductXml.xml; sourceTree = "<group>"; };
		B834F68D17DC0C2600D35A1E /* ProductViewController.xib */ = {isa = PBXFileReference; fileEncoding = 4; lastKnownFileType = file.xib; name = ProductViewController.xib; path = Classes/Controllers/ProductViewController.xib; sourceTree = "<group>"; };
		B834F68E17DC0C2600D35A1E /* ProductViewController.m */ = {isa = PBXFileReference; fileEncoding = 4; lastKnownFileType = sourcecode.c.objc; name = ProductViewController.m; path = Classes/Controllers/ProductViewController.m; sourceTree = "<group>"; };
		B834F68F17DC0C2600D35A1E /* ProductViewController.h */ = {isa = PBXFileReference; fileEncoding = 4; lastKnownFileType = sourcecode.c.h; name = ProductViewController.h; path = Classes/Controllers/ProductViewController.h; sourceTree = "<group>"; };
		B8421B4D17DD67EA00DC6438 /* AppDelegate.h */ = {isa = PBXFileReference; fileEncoding = 4; lastKnownFileType = sourcecode.c.h; name = AppDelegate.h; path = Classes/AppDelegate/AppDelegate.h; sourceTree = "<group>"; };
		B8421B4E17DD67EA00DC6438 /* AppDelegate.m */ = {isa = PBXFileReference; fileEncoding = 4; lastKnownFileType = sourcecode.c.objc; name = AppDelegate.m; path = Classes/AppDelegate/AppDelegate.m; sourceTree = "<group>"; };
		B8421B7A17DD6A9A00DC6438 /* Android.png */ = {isa = PBXFileReference; lastKnownFileType = image.png; name = Android.png; path = Resources/Images/Android.png; sourceTree = "<group>"; };
		B8421B7E17DD6AB800DC6438 /* Apple.png */ = {isa = PBXFileReference; lastKnownFileType = image.png; name = Apple.png; path = Resources/Images/Apple.png; sourceTree = "<group>"; };
		B8421B8017DD6AB800DC6438 /* Blackberry.png */ = {isa = PBXFileReference; lastKnownFileType = image.png; name = Blackberry.png; path = Resources/Images/Blackberry.png; sourceTree = "<group>"; };
		B8421B9217DD6AB800DC6438 /* Windows.png */ = {isa = PBXFileReference; lastKnownFileType = image.png; name = Windows.png; path = Resources/Images/Windows.png; sourceTree = "<group>"; };
		B84BA69A2102C428000193A1 /* Launch Screen.storyboard */ = {isa = PBXFileReference; lastKnownFileType = file.storyboard; path = "Launch Screen.storyboard"; sourceTree = "<group>"; };
		B8E1725C20FD9035007B3E84 /* PhoneLookupTests.xctest */ = {isa = PBXFileReference; explicitFileType = wrapper.cfbundle; includeInIndex = 0; path = PhoneLookupTests.xctest; sourceTree = BUILT_PRODUCTS_DIR; };
		B8E1725D20FD9066007B3E84 /* PhoneLookup.app */ = {isa = PBXFileReference; explicitFileType = wrapper.application; includeInIndex = 0; path = PhoneLookup.app; sourceTree = BUILT_PRODUCTS_DIR; };
		B8E1725E20FD9078007B3E84 /* PhoneLookupUITests.xctest */ = {isa = PBXFileReference; explicitFileType = wrapper.cfbundle; includeInIndex = 0; path = PhoneLookupUITests.xctest; sourceTree = BUILT_PRODUCTS_DIR; };
		B8E179BE2104F8A800A737FB /* PhoneLookup-Bridging-Header.h */ = {isa = PBXFileReference; lastKnownFileType = sourcecode.c.h; path = "PhoneLookup-Bridging-Header.h"; sourceTree = "<group>"; };
		B8E179BF2104F8A900A737FB /* Product.swift */ = {isa = PBXFileReference; lastKnownFileType = sourcecode.swift; path = Product.swift; sourceTree = "<group>"; };
		B8E179C12104FEF900A737FB /* ProductXMLParser.swift */ = {isa = PBXFileReference; lastKnownFileType = sourcecode.swift; path = ProductXMLParser.swift; sourceTree = "<group>"; };
		B8E179C321050DBE00A737FB /* Item.swift */ = {isa = PBXFileReference; lastKnownFileType = sourcecode.swift; path = Item.swift; sourceTree = "<group>"; };
		B8E179C72105905900A737FB /* MobileLabs_RGB_TM_1536x1044.png */ = {isa = PBXFileReference; lastKnownFileType = image.png; name = MobileLabs_RGB_TM_1536x1044.png; path = Resources/Images/MobileLabs_RGB_TM_1536x1044.png; sourceTree = "<group>"; };
/* End PBXFileReference section */

/* Begin PBXFrameworksBuildPhase section */
		01C6D23C1B5D36A300E8F0E7 /* Frameworks */ = {
			isa = PBXFrameworksBuildPhase;
			buildActionMask = 2147483647;
			files = (
			);
			runOnlyForDeploymentPostprocessing = 0;
		};
		01E2B57F1E3F852500188E78 /* Frameworks */ = {
			isa = PBXFrameworksBuildPhase;
			buildActionMask = 2147483647;
			files = (
			);
			runOnlyForDeploymentPostprocessing = 0;
		};
		B81BE71317DB5E8100CD67EC /* Frameworks */ = {
			isa = PBXFrameworksBuildPhase;
			buildActionMask = 2147483647;
			files = (
			);
			runOnlyForDeploymentPostprocessing = 0;
		};
/* End PBXFrameworksBuildPhase section */

/* Begin PBXGroup section */
		01C6D2401B5D36A400E8F0E7 /* PhoneLookupTests */ = {
			isa = PBXGroup;
			children = (
				01C6D2431B5D36A400E8F0E7 /* PhoneLookupTests.m */,
				01C6D2411B5D36A400E8F0E7 /* Supporting Files */,
			);
			path = PhoneLookupTests;
			sourceTree = "<group>";
		};
		01C6D2411B5D36A400E8F0E7 /* Supporting Files */ = {
			isa = PBXGroup;
			children = (
				01C6D2421B5D36A400E8F0E7 /* Info.plist */,
			);
			name = "Supporting Files";
			sourceTree = "<group>";
		};
		01E2B5831E3F852500188E78 /* PhoneLookupUITests */ = {
			isa = PBXGroup;
			children = (
				01E2B5841E3F852500188E78 /* PhoneLookupUITests.m */,
				01E2B5861E3F852500188E78 /* Info.plist */,
			);
			path = PhoneLookupUITests;
			sourceTree = "<group>";
		};
		B81BE70D17DB5E8000CD67EC = {
			isa = PBXGroup;
			children = (
				B81BE71F17DB5E8100CD67EC /* PhoneLookup */,
				01C6D2401B5D36A400E8F0E7 /* PhoneLookupTests */,
				01E2B5831E3F852500188E78 /* PhoneLookupUITests */,
				B8E1725C20FD9035007B3E84 /* PhoneLookupTests.xctest */,
				B8E1725D20FD9066007B3E84 /* PhoneLookup.app */,
				B8E1725E20FD9078007B3E84 /* PhoneLookupUITests.xctest */,
			);
			sourceTree = "<group>";
		};
		B81BE71F17DB5E8100CD67EC /* PhoneLookup */ = {
			isa = PBXGroup;
			children = (
				B81BE74817DB60C500CD67EC /* Classes */,
				B81BE76E17DBB0E900CD67EC /* Resources */,
				B81BE72017DB5E8100CD67EC /* Supporting Files */,
				B81BE72B17DB5E8100CD67EC /* Images.xcassets */,
				B84BA69A2102C428000193A1 /* Launch Screen.storyboard */,
			);
			path = PhoneLookup;
			sourceTree = "<group>";
		};
		B81BE72017DB5E8100CD67EC /* Supporting Files */ = {
			isa = PBXGroup;
			children = (
				B81BE72117DB5E8100CD67EC /* PhoneLookup-Info.plist */,
				B81BE72217DB5E8100CD67EC /* InfoPlist.strings */,
				B81BE72517DB5E8100CD67EC /* main.m */,
				B81BE72717DB5E8100CD67EC /* PhoneLookup-Prefix.pch */,
			);
			name = "Supporting Files";
			sourceTree = "<group>";
		};
		B81BE74817DB60C500CD67EC /* Classes */ = {
			isa = PBXGroup;
			children = (
				B81BE74A17DB60D600CD67EC /* AppDelegate */,
				B81BE74917DB60CC00CD67EC /* Controllers */,
				B834F67317DBEB0100D35A1E /* Utility */,
			);
			name = Classes;
			sourceTree = "<group>";
		};
		B81BE74917DB60CC00CD67EC /* Controllers */ = {
			isa = PBXGroup;
			children = (
				B834F67217DBE83300D35A1E /* LoginViewController.h */,
				B81BE76A17DBB05300CD67EC /* LoginViewController.m */,
				B81BE76B17DBB05300CD67EC /* LoginViewController.xib */,
				B81BE74B17DB614200CD67EC /* SearchViewController.h */,
				B81BE74C17DB614200CD67EC /* SearchViewController.m */,
				B81BE74D17DB614200CD67EC /* SearchViewController.xib */,
				B81BE75F17DB77B700CD67EC /* SearchListViewController.h */,
				B81BE76017DB77B700CD67EC /* SearchListViewController.m */,
				B81BE76117DB77B700CD67EC /* SearchListViewController.xib */,
				B834F68D17DC0C2600D35A1E /* ProductViewController.xib */,
				B834F68E17DC0C2600D35A1E /* ProductViewController.m */,
				B834F68F17DC0C2600D35A1E /* ProductViewController.h */,
			);
			name = Controllers;
			sourceTree = "<group>";
		};
		B81BE74A17DB60D600CD67EC /* AppDelegate */ = {
			isa = PBXGroup;
			children = (
				B8421B4D17DD67EA00DC6438 /* AppDelegate.h */,
				B8421B4E17DD67EA00DC6438 /* AppDelegate.m */,
			);
			name = AppDelegate;
			sourceTree = "<group>";
		};
		B81BE76E17DBB0E900CD67EC /* Resources */ = {
			isa = PBXGroup;
			children = (
				B834F67D17DBEB7500D35A1E /* XML */,
				B81BE76F17DBB19100CD67EC /* Images */,
			);
			name = Resources;
			sourceTree = "<group>";
		};
		B81BE76F17DBB19100CD67EC /* Images */ = {
			isa = PBXGroup;
			children = (
				B8E179C72105905900A737FB /* MobileLabs_RGB_TM_1536x1044.png */,
				B8421B7E17DD6AB800DC6438 /* Apple.png */,
				B8421B8017DD6AB800DC6438 /* Blackberry.png */,
				B8421B9217DD6AB800DC6438 /* Windows.png */,
				B8421B7A17DD6A9A00DC6438 /* Android.png */,
			);
			name = Images;
			sourceTree = "<group>";
		};
		B834F67317DBEB0100D35A1E /* Utility */ = {
			isa = PBXGroup;
			children = (
				B8E179BF2104F8A900A737FB /* Product.swift */,
				B8E179BE2104F8A800A737FB /* PhoneLookup-Bridging-Header.h */,
				B8E179C12104FEF900A737FB /* ProductXMLParser.swift */,
				B8E179C321050DBE00A737FB /* Item.swift */,
			);
			name = Utility;
			sourceTree = "<group>";
		};
		B834F67D17DBEB7500D35A1E /* XML */ = {
			isa = PBXGroup;
			children = (
				B834F68917DBFC9000D35A1E /* ProductXml.xml */,
			);
			name = XML;
			sourceTree = "<group>";
		};
/* End PBXGroup section */

/* Begin PBXNativeTarget section */
		01C6D23E1B5D36A300E8F0E7 /* PhoneLookupTests */ = {
			isa = PBXNativeTarget;
			buildConfigurationList = 01C6D2471B5D36A400E8F0E7 /* Build configuration list for PBXNativeTarget "PhoneLookupTests" */;
			buildPhases = (
				01C6D23B1B5D36A300E8F0E7 /* Sources */,
				01C6D23C1B5D36A300E8F0E7 /* Frameworks */,
				01C6D23D1B5D36A300E8F0E7 /* Resources */,
			);
			buildRules = (
			);
			dependencies = (
				01C6D2461B5D36A400E8F0E7 /* PBXTargetDependency */,
			);
			name = PhoneLookupTests;
			productName = PhoneLookupTests;
			productReference = B8E1725C20FD9035007B3E84 /* PhoneLookupTests.xctest */;
			productType = "com.apple.product-type.bundle.unit-test";
		};
		01E2B5811E3F852500188E78 /* PhoneLookupUITests */ = {
			isa = PBXNativeTarget;
			buildConfigurationList = 01E2B58B1E3F852500188E78 /* Build configuration list for PBXNativeTarget "PhoneLookupUITests" */;
			buildPhases = (
				01E2B57E1E3F852500188E78 /* Sources */,
				01E2B57F1E3F852500188E78 /* Frameworks */,
				01E2B5801E3F852500188E78 /* Resources */,
			);
			buildRules = (
			);
			dependencies = (
				01E2B5881E3F852500188E78 /* PBXTargetDependency */,
			);
			name = PhoneLookupUITests;
			productName = PhoneLookupUITests;
			productReference = B8E1725E20FD9078007B3E84 /* PhoneLookupUITests.xctest */;
			productType = "com.apple.product-type.bundle.ui-testing";
		};
		B81BE71517DB5E8100CD67EC /* PhoneLookup */ = {
			isa = PBXNativeTarget;
			buildConfigurationList = B81BE74217DB5E8100CD67EC /* Build configuration list for PBXNativeTarget "PhoneLookup" */;
			buildPhases = (
				B81BE71217DB5E8100CD67EC /* Sources */,
				B81BE71317DB5E8100CD67EC /* Frameworks */,
				B81BE71417DB5E8100CD67EC /* Resources */,
			);
			buildRules = (
			);
			dependencies = (
			);
			name = PhoneLookup;
			productName = demo;
			productReference = B8E1725D20FD9066007B3E84 /* PhoneLookup.app */;
			productType = "com.apple.product-type.application";
		};
/* End PBXNativeTarget section */

/* Begin PBXProject section */
		B81BE70E17DB5E8100CD67EC /* Project object */ = {
			isa = PBXProject;
			attributes = {
				LastUpgradeCheck = 0940;
				ORGANIZATIONNAME = "Mobile Labs";
				TargetAttributes = {
					01C6D23E1B5D36A300E8F0E7 = {
						CreatedOnToolsVersion = 6.4;
						DevelopmentTeam = 3MR3TYB9KU;
						TestTargetID = B81BE71517DB5E8100CD67EC;
					};
					01E2B5811E3F852500188E78 = {
						CreatedOnToolsVersion = 8.2.1;
						DevelopmentTeam = 3MR3TYB9KU;
						ProvisioningStyle = Automatic;
						TestTargetID = B81BE71517DB5E8100CD67EC;
					};
					B81BE71517DB5E8100CD67EC = {
						DevelopmentTeam = 3MR3TYB9KU;
						LastSwiftMigration = 0940;
						SystemCapabilities = {
							com.apple.iOS = {
								enabled = 1;
							};
						};
					};
				};
			};
			buildConfigurationList = B81BE71117DB5E8100CD67EC /* Build configuration list for PBXProject "PhoneLookup" */;
			compatibilityVersion = "Xcode 3.2";
			developmentRegion = English;
			hasScannedForEncodings = 0;
			knownRegions = (
				en,
			);
			mainGroup = B81BE70D17DB5E8000CD67EC;
			productRefGroup = B81BE70D17DB5E8000CD67EC;
			projectDirPath = "";
			projectRoot = "";
			targets = (
				B81BE71517DB5E8100CD67EC /* PhoneLookup */,
				01C6D23E1B5D36A300E8F0E7 /* PhoneLookupTests */,
				01E2B5811E3F852500188E78 /* PhoneLookupUITests */,
			);
		};
/* End PBXProject section */

/* Begin PBXResourcesBuildPhase section */
		01C6D23D1B5D36A300E8F0E7 /* Resources */ = {
			isa = PBXResourcesBuildPhase;
			buildActionMask = 2147483647;
			files = (
			);
			runOnlyForDeploymentPostprocessing = 0;
		};
		01E2B5801E3F852500188E78 /* Resources */ = {
			isa = PBXResourcesBuildPhase;
			buildActionMask = 2147483647;
			files = (
			);
			runOnlyForDeploymentPostprocessing = 0;
		};
		B81BE71417DB5E8100CD67EC /* Resources */ = {
			isa = PBXResourcesBuildPhase;
			buildActionMask = 2147483647;
			files = (
				B81BE76317DB77B700CD67EC /* SearchListViewController.xib in Resources */,
				B8421B9417DD6AB800DC6438 /* Apple.png in Resources */,
				B84BA69B2102C428000193A1 /* Launch Screen.storyboard in Resources */,
				B834F68A17DBFC9000D35A1E /* ProductXml.xml in Resources */,
				B8421BA817DD6AB800DC6438 /* Windows.png in Resources */,
				B834F69217DC0C2600D35A1E /* ProductViewController.xib in Resources */,
				B81BE72417DB5E8100CD67EC /* InfoPlist.strings in Resources */,
				B8E179C82105905900A737FB /* MobileLabs_RGB_TM_1536x1044.png in Resources */,
				B8421B9617DD6AB800DC6438 /* Blackberry.png in Resources */,
				B81BE72C17DB5E8100CD67EC /* Images.xcassets in Resources */,
				B81BE74F17DB614200CD67EC /* SearchViewController.xib in Resources */,
				B8421B7B17DD6A9A00DC6438 /* Android.png in Resources */,
				B81BE76D17DBB05300CD67EC /* LoginViewController.xib in Resources */,
			);
			runOnlyForDeploymentPostprocessing = 0;
		};
/* End PBXResourcesBuildPhase section */

/* Begin PBXSourcesBuildPhase section */
		01C6D23B1B5D36A300E8F0E7 /* Sources */ = {
			isa = PBXSourcesBuildPhase;
			buildActionMask = 2147483647;
			files = (
				01C6D2441B5D36A400E8F0E7 /* PhoneLookupTests.m in Sources */,
			);
			runOnlyForDeploymentPostprocessing = 0;
		};
		01E2B57E1E3F852500188E78 /* Sources */ = {
			isa = PBXSourcesBuildPhase;
			buildActionMask = 2147483647;
			files = (
				01E2B5851E3F852500188E78 /* PhoneLookupUITests.m in Sources */,
			);
			runOnlyForDeploymentPostprocessing = 0;
		};
		B81BE71217DB5E8100CD67EC /* Sources */ = {
			isa = PBXSourcesBuildPhase;
			buildActionMask = 2147483647;
			files = (
				B8E179C02104F8A900A737FB /* Product.swift in Sources */,
				B81BE76217DB77B700CD67EC /* SearchListViewController.m in Sources */,
				B81BE74E17DB614200CD67EC /* SearchViewController.m in Sources */,
				B8E179C421050DBE00A737FB /* Item.swift in Sources */,
				B81BE72617DB5E8100CD67EC /* main.m in Sources */,
				B834F69317DC0C2600D35A1E /* ProductViewController.m in Sources */,
				B81BE76C17DBB05300CD67EC /* LoginViewController.m in Sources */,
				B8E179C22104FEF900A737FB /* ProductXMLParser.swift in Sources */,
				B8421B4F17DD67EA00DC6438 /* AppDelegate.m in Sources */,
			);
			runOnlyForDeploymentPostprocessing = 0;
		};
/* End PBXSourcesBuildPhase section */

/* Begin PBXTargetDependency section */
		01C6D2461B5D36A400E8F0E7 /* PBXTargetDependency */ = {
			isa = PBXTargetDependency;
			target = B81BE71517DB5E8100CD67EC /* PhoneLookup */;
			targetProxy = 01C6D2451B5D36A400E8F0E7 /* PBXContainerItemProxy */;
		};
		01E2B5881E3F852500188E78 /* PBXTargetDependency */ = {
			isa = PBXTargetDependency;
			target = B81BE71517DB5E8100CD67EC /* PhoneLookup */;
			targetProxy = 01E2B5871E3F852500188E78 /* PBXContainerItemProxy */;
		};
/* End PBXTargetDependency section */

/* Begin PBXVariantGroup section */
		B81BE72217DB5E8100CD67EC /* InfoPlist.strings */ = {
			isa = PBXVariantGroup;
			children = (
				B81BE72317DB5E8100CD67EC /* en */,
			);
			name = InfoPlist.strings;
			sourceTree = "<group>";
		};
/* End PBXVariantGroup section */

/* Begin XCBuildConfiguration section */
		01C6D2481B5D36A400E8F0E7 /* Debug */ = {
			isa = XCBuildConfiguration;
			buildSettings = {
				ALWAYS_EMBED_SWIFT_STANDARD_LIBRARIES = YES;
				BUNDLE_LOADER = "$(TEST_HOST)";
				CLANG_WARN_UNREACHABLE_CODE = YES;
				DEBUG_INFORMATION_FORMAT = "dwarf-with-dsym";
				DEVELOPMENT_TEAM = 3MR3TYB9KU;
				ENABLE_STRICT_OBJC_MSGSEND = YES;
				GCC_NO_COMMON_BLOCKS = YES;
				GCC_PREPROCESSOR_DEFINITIONS = (
					"DEBUG=1",
					"$(inherited)",
				);
				GCC_WARN_64_TO_32_BIT_CONVERSION = YES;
				GCC_WARN_UNINITIALIZED_AUTOS = YES_AGGRESSIVE;
				INFOPLIST_FILE = PhoneLookupTests/Info.plist;
				LD_RUNPATH_SEARCH_PATHS = "$(inherited) @executable_path/Frameworks @loader_path/Frameworks";
				MTL_ENABLE_DEBUG_INFO = YES;
				PRODUCT_BUNDLE_IDENTIFIER = "com.mobilelabsInc.$(PRODUCT_NAME:rfc1034identifier)";
				PRODUCT_NAME = "$(TARGET_NAME)";
				TEST_HOST = "$(BUILT_PRODUCTS_DIR)/PhoneLookup.app/PhoneLookup";
			};
			name = Debug;
		};
		01C6D2491B5D36A400E8F0E7 /* Release */ = {
			isa = XCBuildConfiguration;
			buildSettings = {
				ALWAYS_EMBED_SWIFT_STANDARD_LIBRARIES = YES;
				BUNDLE_LOADER = "$(TEST_HOST)";
				CLANG_WARN_UNREACHABLE_CODE = YES;
				COPY_PHASE_STRIP = NO;
				DEBUG_INFORMATION_FORMAT = "dwarf-with-dsym";
				DEVELOPMENT_TEAM = 3MR3TYB9KU;
				ENABLE_STRICT_OBJC_MSGSEND = YES;
				GCC_NO_COMMON_BLOCKS = YES;
				GCC_WARN_64_TO_32_BIT_CONVERSION = YES;
				GCC_WARN_UNINITIALIZED_AUTOS = YES_AGGRESSIVE;
				INFOPLIST_FILE = PhoneLookupTests/Info.plist;
				LD_RUNPATH_SEARCH_PATHS = "$(inherited) @executable_path/Frameworks @loader_path/Frameworks";
				MTL_ENABLE_DEBUG_INFO = NO;
				PRODUCT_BUNDLE_IDENTIFIER = "com.mobilelabsInc.$(PRODUCT_NAME:rfc1034identifier)";
				PRODUCT_NAME = "$(TARGET_NAME)";
				TEST_HOST = "$(BUILT_PRODUCTS_DIR)/PhoneLookup.app/PhoneLookup";
			};
			name = Release;
		};
		01E2B5891E3F852500188E78 /* Debug */ = {
			isa = XCBuildConfiguration;
			buildSettings = {
				ALWAYS_EMBED_SWIFT_STANDARD_LIBRARIES = YES;
				CLANG_ANALYZER_NONNULL = YES;
				CLANG_WARN_DOCUMENTATION_COMMENTS = YES;
				CLANG_WARN_INFINITE_RECURSION = YES;
				CLANG_WARN_SUSPICIOUS_MOVE = YES;
				CLANG_WARN_UNREACHABLE_CODE = YES;
				"CODE_SIGN_IDENTITY[sdk=iphoneos*]" = "iPhone Developer";
				DEBUG_INFORMATION_FORMAT = dwarf;
				DEVELOPMENT_TEAM = 3MR3TYB9KU;
				ENABLE_STRICT_OBJC_MSGSEND = YES;
				GCC_NO_COMMON_BLOCKS = YES;
				GCC_WARN_64_TO_32_BIT_CONVERSION = YES;
				GCC_WARN_UNINITIALIZED_AUTOS = YES_AGGRESSIVE;
				INFOPLIST_FILE = PhoneLookupUITests/Info.plist;
				IPHONEOS_DEPLOYMENT_TARGET = 10.2;
				LD_RUNPATH_SEARCH_PATHS = "$(inherited) @executable_path/Frameworks @loader_path/Frameworks";
				MTL_ENABLE_DEBUG_INFO = YES;
				PRODUCT_BUNDLE_IDENTIFIER = com.mobilelabsinc.PhoneLookupUITests;
				PRODUCT_NAME = "$(TARGET_NAME)";
				TEST_TARGET_NAME = PhoneLookup;
			};
			name = Debug;
		};
		01E2B58A1E3F852500188E78 /* Release */ = {
			isa = XCBuildConfiguration;
			buildSettings = {
				ALWAYS_EMBED_SWIFT_STANDARD_LIBRARIES = YES;
				CLANG_ANALYZER_NONNULL = YES;
				CLANG_WARN_DOCUMENTATION_COMMENTS = YES;
				CLANG_WARN_INFINITE_RECURSION = YES;
				CLANG_WARN_SUSPICIOUS_MOVE = YES;
				CLANG_WARN_UNREACHABLE_CODE = YES;
				"CODE_SIGN_IDENTITY[sdk=iphoneos*]" = "iPhone Developer";
				COPY_PHASE_STRIP = NO;
				DEBUG_INFORMATION_FORMAT = "dwarf-with-dsym";
				DEVELOPMENT_TEAM = 3MR3TYB9KU;
				ENABLE_STRICT_OBJC_MSGSEND = YES;
				GCC_NO_COMMON_BLOCKS = YES;
				GCC_WARN_64_TO_32_BIT_CONVERSION = YES;
				GCC_WARN_UNINITIALIZED_AUTOS = YES_AGGRESSIVE;
				INFOPLIST_FILE = PhoneLookupUITests/Info.plist;
				IPHONEOS_DEPLOYMENT_TARGET = 10.2;
				LD_RUNPATH_SEARCH_PATHS = "$(inherited) @executable_path/Frameworks @loader_path/Frameworks";
				MTL_ENABLE_DEBUG_INFO = NO;
				PRODUCT_BUNDLE_IDENTIFIER = com.mobilelabsinc.PhoneLookupUITests;
				PRODUCT_NAME = "$(TARGET_NAME)";
				TEST_TARGET_NAME = PhoneLookup;
			};
			name = Release;
		};
		B81BE74017DB5E8100CD67EC /* Debug */ = {
			isa = XCBuildConfiguration;
			buildSettings = {
				ALWAYS_SEARCH_USER_PATHS = NO;
				CLANG_CXX_LANGUAGE_STANDARD = "gnu++0x";
				CLANG_CXX_LIBRARY = "libc++";
				CLANG_ENABLE_MODULES = YES;
				CLANG_ENABLE_OBJC_ARC = YES;
				CLANG_WARN_BLOCK_CAPTURE_AUTORELEASING = YES;
				CLANG_WARN_BOOL_CONVERSION = YES;
				CLANG_WARN_COMMA = YES;
				CLANG_WARN_CONSTANT_CONVERSION = YES;
				CLANG_WARN_DEPRECATED_OBJC_IMPLEMENTATIONS = YES;
				CLANG_WARN_DIRECT_OBJC_ISA_USAGE = YES_ERROR;
				CLANG_WARN_EMPTY_BODY = YES;
				CLANG_WARN_ENUM_CONVERSION = YES;
				CLANG_WARN_INFINITE_RECURSION = YES;
				CLANG_WARN_INT_CONVERSION = YES;
				CLANG_WARN_NON_LITERAL_NULL_CONVERSION = YES;
				CLANG_WARN_OBJC_IMPLICIT_RETAIN_SELF = YES;
				CLANG_WARN_OBJC_LITERAL_CONVERSION = YES;
				CLANG_WARN_OBJC_ROOT_CLASS = YES_ERROR;
				CLANG_WARN_RANGE_LOOP_ANALYSIS = YES;
				CLANG_WARN_STRICT_PROTOTYPES = YES;
				CLANG_WARN_SUSPICIOUS_MOVE = YES;
				CLANG_WARN_UNREACHABLE_CODE = YES;
				CLANG_WARN__DUPLICATE_METHOD_MATCH = YES;
				CODE_SIGN_IDENTITY = "iPhone Developer";
				COPY_PHASE_STRIP = NO;
				DEFINES_MODULE = YES;
				ENABLE_BITCODE = NO;
				ENABLE_STRICT_OBJC_MSGSEND = YES;
				ENABLE_TESTABILITY = YES;
				GCC_C_LANGUAGE_STANDARD = gnu99;
				GCC_DYNAMIC_NO_PIC = NO;
				GCC_NO_COMMON_BLOCKS = YES;
				GCC_OPTIMIZATION_LEVEL = 0;
				GCC_PREPROCESSOR_DEFINITIONS = (
					"DEBUG=1",
					"$(inherited)",
				);
				GCC_SYMBOLS_PRIVATE_EXTERN = NO;
				GCC_WARN_64_TO_32_BIT_CONVERSION = YES;
				GCC_WARN_ABOUT_RETURN_TYPE = YES_ERROR;
				GCC_WARN_UNDECLARED_SELECTOR = YES;
				GCC_WARN_UNINITIALIZED_AUTOS = YES;
				GCC_WARN_UNUSED_FUNCTION = YES;
				GCC_WARN_UNUSED_VARIABLE = YES;
				IPHONEOS_DEPLOYMENT_TARGET = 10.0;
				ONLY_ACTIVE_ARCH = YES;
				SDKROOT = iphoneos;
			};
			name = Debug;
		};
		B81BE74117DB5E8100CD67EC /* Release */ = {
			isa = XCBuildConfiguration;
			buildSettings = {
				ALWAYS_SEARCH_USER_PATHS = NO;
				CLANG_CXX_LANGUAGE_STANDARD = "gnu++0x";
				CLANG_CXX_LIBRARY = "libc++";
				CLANG_ENABLE_MODULES = YES;
				CLANG_ENABLE_OBJC_ARC = YES;
				CLANG_WARN_BLOCK_CAPTURE_AUTORELEASING = YES;
				CLANG_WARN_BOOL_CONVERSION = YES;
				CLANG_WARN_COMMA = YES;
				CLANG_WARN_CONSTANT_CONVERSION = YES;
				CLANG_WARN_DEPRECATED_OBJC_IMPLEMENTATIONS = YES;
				CLANG_WARN_DIRECT_OBJC_ISA_USAGE = YES_ERROR;
				CLANG_WARN_EMPTY_BODY = YES;
				CLANG_WARN_ENUM_CONVERSION = YES;
				CLANG_WARN_INFINITE_RECURSION = YES;
				CLANG_WARN_INT_CONVERSION = YES;
				CLANG_WARN_NON_LITERAL_NULL_CONVERSION = YES;
				CLANG_WARN_OBJC_IMPLICIT_RETAIN_SELF = YES;
				CLANG_WARN_OBJC_LITERAL_CONVERSION = YES;
				CLANG_WARN_OBJC_ROOT_CLASS = YES_ERROR;
				CLANG_WARN_RANGE_LOOP_ANALYSIS = YES;
				CLANG_WARN_STRICT_PROTOTYPES = YES;
				CLANG_WARN_SUSPICIOUS_MOVE = YES;
				CLANG_WARN_UNREACHABLE_CODE = YES;
				CLANG_WARN__DUPLICATE_METHOD_MATCH = YES;
				CODE_SIGN_IDENTITY = "iPhone Developer";
				COPY_PHASE_STRIP = YES;
				DEFINES_MODULE = YES;
				ENABLE_BITCODE = NO;
				ENABLE_NS_ASSERTIONS = NO;
				ENABLE_STRICT_OBJC_MSGSEND = YES;
				GCC_C_LANGUAGE_STANDARD = gnu99;
				GCC_NO_COMMON_BLOCKS = YES;
				GCC_WARN_64_TO_32_BIT_CONVERSION = YES;
				GCC_WARN_ABOUT_RETURN_TYPE = YES_ERROR;
				GCC_WARN_UNDECLARED_SELECTOR = YES;
				GCC_WARN_UNINITIALIZED_AUTOS = YES;
				GCC_WARN_UNUSED_FUNCTION = YES;
				GCC_WARN_UNUSED_VARIABLE = YES;
				IPHONEOS_DEPLOYMENT_TARGET = 10.0;
				SDKROOT = iphoneos;
				VALIDATE_PRODUCT = YES;
			};
			name = Release;
		};
		B81BE74317DB5E8100CD67EC /* Debug */ = {
			isa = XCBuildConfiguration;
			buildSettings = {
				ASSETCATALOG_COMPILER_APPICON_NAME = AppIcon;
				CLANG_ENABLE_MODULES = YES;
				DEFINES_MODULE = YES;
				DEVELOPMENT_TEAM = 3MR3TYB9KU;
				GCC_PRECOMPILE_PREFIX_HEADER = YES;
				GCC_PREFIX_HEADER = "PhoneLookup/PhoneLookup-Prefix.pch";
				INFOPLIST_FILE = "PhoneLookup/PhoneLookup-Info.plist";
				IPHONEOS_DEPLOYMENT_TARGET = 10.0;
				LD_RUNPATH_SEARCH_PATHS = "$(inherited) @executable_path/Frameworks";
				PRODUCT_BUNDLE_IDENTIFIER = com.mobilelabsinc.PhoneLookup;
				PRODUCT_NAME = PhoneLookup;
				PROVISIONING_PROFILE = "";
				SWIFT_OBJC_BRIDGING_HEADER = "PhoneLookup/PhoneLookup-Bridging-Header.h";
				SWIFT_OPTIMIZATION_LEVEL = "-Onone";
				SWIFT_SWIFT3_OBJC_INFERENCE = Default;
				SWIFT_VERSION = 4.0;
				TARGETED_DEVICE_FAMILY = "1,2";
				WRAPPER_EXTENSION = app;
			};
			name = Debug;
		};
		B81BE74417DB5E8100CD67EC /* Release */ = {
			isa = XCBuildConfiguration;
			buildSettings = {
				ASSETCATALOG_COMPILER_APPICON_NAME = AppIcon;
				CLANG_ENABLE_MODULES = YES;
				DEFINES_MODULE = YES;
				DEVELOPMENT_TEAM = 3MR3TYB9KU;
				GCC_PRECOMPILE_PREFIX_HEADER = YES;
				GCC_PREFIX_HEADER = "PhoneLookup/PhoneLookup-Prefix.pch";
				GCC_SYMBOLS_PRIVATE_EXTERN = NO;
				INFOPLIST_FILE = "PhoneLookup/PhoneLookup-Info.plist";
				IPHONEOS_DEPLOYMENT_TARGET = 10.0;
				LD_RUNPATH_SEARCH_PATHS = "$(inherited) @executable_path/Frameworks";
				PRODUCT_BUNDLE_IDENTIFIER = com.mobilelabsinc.PhoneLookup;
				PRODUCT_NAME = PhoneLookup;
				PROVISIONING_PROFILE = "";
				SWIFT_OBJC_BRIDGING_HEADER = "PhoneLookup/PhoneLookup-Bridging-Header.h";
				SWIFT_SWIFT3_OBJC_INFERENCE = Default;
				SWIFT_VERSION = 4.0;
				TARGETED_DEVICE_FAMILY = "1,2";
				WRAPPER_EXTENSION = app;
			};
			name = Release;
		};
/* End XCBuildConfiguration section */

/* Begin XCConfigurationList section */
		01C6D2471B5D36A400E8F0E7 /* Build configuration list for PBXNativeTarget "PhoneLookupTests" */ = {
			isa = XCConfigurationList;
			buildConfigurations = (
				01C6D2481B5D36A400E8F0E7 /* Debug */,
				01C6D2491B5D36A400E8F0E7 /* Release */,
			);
			defaultConfigurationIsVisible = 0;
			defaultConfigurationName = Release;
		};
		01E2B58B1E3F852500188E78 /* Build configuration list for PBXNativeTarget "PhoneLookupUITests" */ = {
			isa = XCConfigurationList;
			buildConfigurations = (
				01E2B5891E3F852500188E78 /* Debug */,
				01E2B58A1E3F852500188E78 /* Release */,
			);
			defaultConfigurationIsVisible = 0;
			defaultConfigurationName = Release;
		};
		B81BE71117DB5E8100CD67EC /* Build configuration list for PBXProject "PhoneLookup" */ = {
			isa = XCConfigurationList;
			buildConfigurations = (
				B81BE74017DB5E8100CD67EC /* Debug */,
				B81BE74117DB5E8100CD67EC /* Release */,
			);
			defaultConfigurationIsVisible = 0;
			defaultConfigurationName = Release;
		};
		B81BE74217DB5E8100CD67EC /* Build configuration list for PBXNativeTarget "PhoneLookup" */ = {
			isa = XCConfigurationList;
			buildConfigurations = (
				B81BE74317DB5E8100CD67EC /* Debug */,
				B81BE74417DB5E8100CD67EC /* Release */,
			);
			defaultConfigurationIsVisible = 0;
			defaultConfigurationName = Release;
		};
/* End XCConfigurationList section */
	};
	rootObject = B81BE70E17DB5E8100CD67EC /* Project object */;
}
